
Microsoft Visual Studio Solution File, Format Version 12.00
# Visual Studio Version 17
VisualStudioVersion = 17.3.32825.248
MinimumVisualStudioVersion = 10.0.40219.1
Project("{FAE04EC0-301F-11D3-BF4B-00C04F79EFBC}") = "Oprosnik", "Oprosnik\Oprosnik.csproj", "{31C0CD7F-0ABD-4439-BF96-28FEDD638F5C}"
EndProject
Global
	GlobalSection(SolutionConfigurationPlatforms) = preSolution
		Debug|Any CPU = Debug|Any CPU
		Release|Any CPU = Release|Any CPU
	EndGlobalSection
	GlobalSection(ProjectConfigurationPlatforms) = postSolution
		{31C0CD7F-0ABD-4439-BF96-28FEDD638F5C}.Debug|Any CPU.ActiveCfg = Debug|Any CPU
		{31C0CD7F-0ABD-4439-BF96-28FEDD638F5C}.Debug|Any CPU.Build.0 = Debug|Any CPU
		{31C0CD7F-0ABD-4439-BF96-28FEDD638F5C}.Release|Any CPU.ActiveCfg = Release|Any CPU
		{31C0CD7F-0ABD-4439-BF96-28FEDD638F5C}.Release|Any CPU.Build.0 = Release|Any CPU
	EndGlobalSection
	GlobalSection(SolutionProperties) = preSolution
		HideSolutionNode = FALSE
	EndGlobalSection
	GlobalSection(ExtensibilityGlobals) = postSolution
		SolutionGuid = {803A6091-FC32-4E3B-B703-338ADB2E118A}
	EndGlobalSection
EndGlobal
